
Microsoft Visual Studio Solution File, Format Version 12.00
# Visual Studio Version 17
VisualStudioVersion = 17.5.002.0
MinimumVisualStudioVersion = 10.0.40219.1
Project("{9A19103F-16F7-4668-BE54-9A1E7A4F7556}") = "Pokedex", "Pokedex.csproj", "{3168B871-6667-4ECA-8DB7-BE05DE3E3EB5}"
EndProject
Global
	GlobalSection(SolutionConfigurationPlatforms) = preSolution
		Debug|Any CPU = Debug|Any CPU
		Release|Any CPU = Release|Any CPU
	EndGlobalSection
	GlobalSection(ProjectConfigurationPlatforms) = postSolution
		{3168B871-6667-4ECA-8DB7-BE05DE3E3EB5}.Debug|Any CPU.ActiveCfg = Debug|Any CPU
		{3168B871-6667-4ECA-8DB7-BE05DE3E3EB5}.Debug|Any CPU.Build.0 = Debug|Any CPU
		{3168B871-6667-4ECA-8DB7-BE05DE3E3EB5}.Release|Any CPU.ActiveCfg = Release|Any CPU
		{3168B871-6667-4ECA-8DB7-BE05DE3E3EB5}.Release|Any CPU.Build.0 = Release|Any CPU
	EndGlobalSection
	GlobalSection(SolutionProperties) = preSolution
		HideSolutionNode = FALSE
	EndGlobalSection
	GlobalSection(ExtensibilityGlobals) = postSolution
		SolutionGuid = {DF2ABB7E-B6C6-461D-9976-C87D3F1195FE}
	EndGlobalSection
EndGlobal
